
Microsoft Visual Studio Solution File, Format Version 12.00
# Visual Studio Version 16
VisualStudioVersion = 16.0.30621.155
MinimumVisualStudioVersion = 10.0.40219.1
Project("{FAE04EC0-301F-11D3-BF4B-00C04F79EFBC}") = "ExportExcel", "ExportExcel\ExportExcel.csproj", "{14D28002-D8DE-4689-AC78-141C86AD7643}"
EndProject
Global
	GlobalSection(SolutionConfigurationPlatforms) = preSolution
		Debug|Any CPU = Debug|Any CPU
		Release|Any CPU = Release|Any CPU
	EndGlobalSection
	GlobalSection(ProjectConfigurationPlatforms) = postSolution
		{14D28002-D8DE-4689-AC78-141C86AD7643}.Debug|Any CPU.ActiveCfg = Debug|Any CPU
		{14D28002-D8DE-4689-AC78-141C86AD7643}.Debug|Any CPU.Build.0 = Debug|Any CPU
		{14D28002-D8DE-4689-AC78-141C86AD7643}.Release|Any CPU.ActiveCfg = Release|Any CPU
		{14D28002-D8DE-4689-AC78-141C86AD7643}.Release|Any CPU.Build.0 = Release|Any CPU
	EndGlobalSection
	GlobalSection(SolutionProperties) = preSolution
		HideSolutionNode = FALSE
	EndGlobalSection
	GlobalSection(ExtensibilityGlobals) = postSolution
		SolutionGuid = {BC269005-1A3A-45E3-B172-61435BA0A627}
	EndGlobalSection
EndGlobal
